{
    "_meta": {
        "hash": {
            "sha256": "f7550d71dca25253ade79e2e95e73886e2a21938125ac0cd51a8faced9005638"
        },
        "host-environment-markers": {
            "implementation_name": "cpython",
            "implementation_version": "3.6.2",
            "os_name": "posix",
            "platform_machine": "x86_64",
            "platform_python_implementation": "CPython",
            "platform_release": "16.7.0",
            "platform_system": "Darwin",
            "platform_version": "Darwin Kernel Version 16.7.0: Thu Jun 15 17:36:27 PDT 2017; root:xnu-3789.70.16~2/RELEASE_X86_64",
            "python_full_version": "3.6.2",
            "python_version": "3.6",
            "sys_platform": "darwin"
        },
        "pipfile-spec": 6,
        "requires": {},
        "sources": [
            {
                "name": "pypi",
                "url": "https://pypi.python.org/simple",
                "verify_ssl": true
            }
        ]
    },
    "default": {
        "aiohttp": {
            "hashes": [
                "sha256:4ef8aa726fec5d8fa810e61c6c42b51276c7ae962391bcdc6ac1066b49c90e7c",
                "sha256:4b1d216a1ef7b7f2b06172243b1361362b94fbdbc790479c7c4f97a3c7d2e76e",
                "sha256:842abbbfefbe8b9c2433c6305a533a1c361541136937e4fb3bbe70da010b5326",
                "sha256:9039c784bea791de382719056383f61e672318273cf13a8824721eb50012ebc6",
                "sha256:1ed6ce22fee3ad6d56ae139a5af0dbb6361b52ce035a4dc585a8afa5f85b394e",
                "sha256:a230016d972cb45dcf2b20512e39dc1f4d043eedfc181c811199ff1ef7c4df59",
                "sha256:1f73f38145a6952c4b9931f759e3ff14aaddd8f1c6ac2140fd4ecec8d1b159f6",
                "sha256:3441fdc7378192a482a263d3b8ba0ddcb5210076e1fb0b6005f3ae765db85ee4",
                "sha256:a4d106cb3cb1fa25d822510d5cd6b3610f6d75b8d276c1c1cdd44d425efb2d63",
                "sha256:371d70d62bca62da3de107a9c9f7222960755d865edd6631e530ba702ee5aa86",
                "sha256:759d6dc3e8b05ac1921301ccb0557552ad7b0530e27376a6e997bc99778379ec",
                "sha256:e15f55a285ad46a9fbcde3d7d555691e6bebcf4e74e856cbcefb6be38f862221",
                "sha256:944f9f94a9d66f2506a3f22bf9447c5b77b9ae389eead007db1d618acd157c99"
            ],
            "version": "==2.3.0"
        },
        "aiohttp-debugtoolbar": {
            "hashes": [
                "sha256:d0e17e5627261463a754f626f39ef3b5936a29f8a72751acdad2c0c8a32259ac",
                "sha256:1c0a3f4f0a66480c19dd9f843262ef8ff2adec1b0e97452aebf2f31e49ab400b"
            ],
            "version": "==0.4.1"
        },
        "aiohttp-devtools": {
            "hashes": [
                "sha256:934214ab26973966fb1231e9e9bcc1f8a9045226c11ef3a6358e18895323792e",
                "sha256:1fd74b5a732bebfb3eeea768376379182061877c12beff10703e5a8d4cb2bb43"
            ],
            "version": "==0.6"
        },
        "aiohttp-jinja2": {
            "hashes": [
                "sha256:4ad484f00e760efb1f02d2f82c5cc32c9cb759dfeb0d08e02119c08e941db1e3",
                "sha256:44fedf0102ac632f0746f1bf72b5a71cf6326c9c2d13993c66789a838675924c"
            ],
            "version": "==0.14.0"
        },
        "async-timeout": {
            "hashes": [
                "sha256:d3a195a827b0f4068d1616ae2da04aac62e365d14f2b13dbc071f9feed9db4e2",
                "sha256:c17d8ac2d735d59aa62737d76f2787a6c938f5a944ecf768a8c0ab70b0dea566"
            ],
            "version": "==2.0.0"
        },
        "chardet": {
            "hashes": [
                "sha256:fc323ffcaeaed0e0a02bf4d117757b98aed530d9ed4531e3e15460124c106691",
                "sha256:84ab92ed1c4d4f16916e05906b6b75a6c0fb5db821cc65e70cbd64a3e2a5eaae"
            ],
            "version": "==3.0.4"
        },
        "click": {
            "hashes": [
                "sha256:29f99fc6125fbc931b758dc053b3114e55c77a6e4c6c3a2674a2dc986016381d",
                "sha256:f15516df478d5a56180fbf80e68f206010e6d160fc39fa508b65e035fd75130b"
            ],
            "version": "==6.7"
        },
        "isort": {
            "hashes": [
                "sha256:cd5d3fc2c16006b567a17193edf4ed9830d9454cbeb5a42ac80b36ea00c23db4",
                "sha256:79f46172d3a4e2e53e7016e663cc7a8b538bec525c36675fcfd2767df30b3983"
            ],
            "version": "==4.2.15"
        },
        "jinja2": {
            "hashes": [
                "sha256:2231bace0dfd8d2bf1e5d7e41239c06c9e0ded46e70cc1094a0aa64b0afeb054",
                "sha256:ddaa01a212cd6d641401cb01b605f4a4d9f37bfc93043d7f760ec70fb99ff9ff"
            ],
            "version": "==2.9.6"
        },
        "markupsafe": {
            "hashes": [
                "sha256:a6be69091dac236ea9c6bc7d012beab42010fa914c459791d627dad4910eb665"
            ],
            "version": "==1.0"
        },
        "multidict": {
            "hashes": [
                "sha256:408adc42a58e19cd5e55ddbb907b817673c64904ff51bd397723b31b7cce0757",
                "sha256:da9449d1d78cd0451e27d93c121b20d3f3ac0188c1a87bf2e5982c28c031681e",
                "sha256:8bcbcb00d05cbb9b85f2dcce36e6c6a2fdf4fe4969331305d8857bc5211a1136",
                "sha256:fe7101b129ed478022b6211375b64e7b4bbdb78c344002a2b74fbbe759767f9b",
                "sha256:0da3b09079356c169b2e81eb18b5c784738cb2129a0bf912f6b7ec81211f9902",
                "sha256:3a68db44bc7c6c1587e6467c1e475b9f247a5b4894eb1e3b6a92c62599658108",
                "sha256:f0954db3abc8143c9428785e5a1754110e1503ae6491ef6f672d09603e858e02",
                "sha256:240d312195386c8bdb4006a3839d4e0bdac5b36ed5edbe2cbf36ae74da7c13f2",
                "sha256:1b685d2b60858640ba539586cded370c222e4d8005f45508a2d64c19e7a0933e",
                "sha256:ec86cbcf11676fabc9e8f5e5aef74686a6fa97c57638690311696b28cbe19f5e",
                "sha256:a7a1921373737464ed34f6bb1e3681c41c2332d9a1c40e2319e01951af788efa",
                "sha256:0d7f532b6dc0e8714ffc735492558070fdd411414c0a03c007a703175c7da415",
                "sha256:912556eeae51bdc4ed411e6a6e2fdbc6bba77aac1c6caca737c788383c98e882",
                "sha256:24f9d4440bd61d4a84a3b0bca8b904e6f25e34e728a69173b3ab4340f733855a",
                "sha256:eb2575713f0ecff4decbfee89f0991d2120c85b0f9401b100bb8c2e279e1aa20",
                "sha256:bd1ae0758dc27c07c3618a65c1ebd3274f60e8a0d8cf9eac09f4b078a53b972e",
                "sha256:438d2a27fd2db0539e7a093286396a53fca953f3a3521aa0abf57a2e40820044",
                "sha256:feefa7557ba49b15625043745d99ba1793645e16853c4b143d2e3ff5140c1fde",
                "sha256:2bc8350500970bfdca618e3c82e65ee5ff54af2acbefa55640b7daa9c3bf18da",
                "sha256:cf196c70b77a93603d1794fe3a92477c98c6c317c047a25c51ff360d49de798f",
                "sha256:7328bc54a2c793c48c70f2c5c627b65227ae610383b8fdfd8908f24e806dbdd3",
                "sha256:e76909da2fad6966281d4e0e4ccfd3c3025699ebcc30806afa09fa1384c3532b"
            ],
            "version": "==3.3.0"
        },
        "python-aiml": {
            "hashes": [
                "sha256:cec40d461c2ef4e996c83a94553d646fe64facbc6c56e1f04ef26bdc69e1aa29"
            ],
            "version": "==0.9.1"
        },
        "watchgod": {
            "hashes": [
                "sha256:d34e0ba0a7378dbd7f32862bbaeb89913c0413cec177ba3109f4e69e084d0368",
                "sha256:af26c1b08e4dc5cf7a8c01db07541ec082b6b8e6dea206037450d091a7417d21"
            ],
            "version": "==0.0.2"
        },
        "yarl": {
            "hashes": [
                "sha256:8b6a495e754269ba3817957dfe713532b7d5485cbcf3fce3e8624832f1156e3c",
                "sha256:14ff708e9813b961d5c0b9a30ae8323591deffca0ef4fa93fbaba94ec44f3560",
                "sha256:8756000c3ccf91acf9557401892864d2c869c0ae7c62e5d4fc3dd20ed5e8a3a7",
                "sha256:728b9b26d5927fd35b102c62c476bace5c5e0fb1275e7d4bb169d50720b1d687",
                "sha256:3a68281e8031b9eae9a1c186eff725ed31a66d4dbfd4dc7c0ceb1a15d4a0b09f",
                "sha256:dfacdfd8b350a10d66d2af0ef59fa56564cc03bcdcdd93a1aa6e65e9306f5882",
                "sha256:42d329be7cafa9210c17349fd2db90b967b76fc6fd411f9abaf450a9e7f7e2e4",
                "sha256:8d4a3ad001747e1225af47d46da935e507e7fe5e315bb4dbd235d5460b722488",
                "sha256:4dcf2e89e65745c4ae597a724a612dbdb2f38e92c0a5f145c9ec1701d4ddf384",
                "sha256:44e4ce0f59abbf7745ee450c3c4aa261a4deef83c7e1a3624dcc9db094d630e5",
                "sha256:626113e8649ff2e205ea49432c4c94f730326852905ba411fb82006e443f3231",
                "sha256:bfb4256496da1b1475a72e669464db539eca7b0fc3bddd231a64cf8afadb7efb",
                "sha256:25fe681a982f2cec567df8abac7cbd2ac27016e4aec89193945cab0643bfdb42"
            ],
            "version": "==0.13.0"
        }
    },
    "develop": {}
}
